
Microsoft Visual Studio Solution File, Format Version 12.00
# Visual Studio Version 17
VisualStudioVersion = 17.5.002.0
MinimumVisualStudioVersion = 10.0.40219.1
Project("{9A19103F-16F7-4668-BE54-9A1E7A4F7556}") = "UserManagementAPI", "UserManagementAPI.csproj", "{CDCD8893-51D7-4B23-85B5-A6F5EEC8EE56}"
EndProject
Global
	GlobalSection(SolutionConfigurationPlatforms) = preSolution
		Debug|Any CPU = Debug|Any CPU
		Release|Any CPU = Release|Any CPU
	EndGlobalSection
	GlobalSection(ProjectConfigurationPlatforms) = postSolution
		{CDCD8893-51D7-4B23-85B5-A6F5EEC8EE56}.Debug|Any CPU.ActiveCfg = Debug|Any CPU
		{CDCD8893-51D7-4B23-85B5-A6F5EEC8EE56}.Debug|Any CPU.Build.0 = Debug|Any CPU
		{CDCD8893-51D7-4B23-85B5-A6F5EEC8EE56}.Release|Any CPU.ActiveCfg = Release|Any CPU
		{CDCD8893-51D7-4B23-85B5-A6F5EEC8EE56}.Release|Any CPU.Build.0 = Release|Any CPU
	EndGlobalSection
	GlobalSection(SolutionProperties) = preSolution
		HideSolutionNode = FALSE
	EndGlobalSection
	GlobalSection(ExtensibilityGlobals) = postSolution
		SolutionGuid = {BA5E3CD3-860A-4E55-9AB3-5D5E2A0C2E22}
	EndGlobalSection
EndGlobal
